
Microsoft Visual Studio Solution File, Format Version 12.00
# Visual Studio 15
VisualStudioVersion = 15.0.28010.2016
MinimumVisualStudioVersion = 10.0.40219.1
Project("{FAE04EC0-301F-11D3-BF4B-00C04F79EFBC}") = "Полёт на другую планету", "Полёт на другую планету\Полёт на другую планету.csproj", "{39DF8158-5F77-4925-81AA-B77FE56F46DD}"
EndProject
Global
	GlobalSection(SolutionConfigurationPlatforms) = preSolution
		Debug|Any CPU = Debug|Any CPU
		Release|Any CPU = Release|Any CPU
	EndGlobalSection
	GlobalSection(ProjectConfigurationPlatforms) = postSolution
		{39DF8158-5F77-4925-81AA-B77FE56F46DD}.Debug|Any CPU.ActiveCfg = Debug|Any CPU
		{39DF8158-5F77-4925-81AA-B77FE56F46DD}.Debug|Any CPU.Build.0 = Debug|Any CPU
		{39DF8158-5F77-4925-81AA-B77FE56F46DD}.Release|Any CPU.ActiveCfg = Release|Any CPU
		{39DF8158-5F77-4925-81AA-B77FE56F46DD}.Release|Any CPU.Build.0 = Release|Any CPU
	EndGlobalSection
	GlobalSection(SolutionProperties) = preSolution
		HideSolutionNode = FALSE
	EndGlobalSection
	GlobalSection(ExtensibilityGlobals) = postSolution
		SolutionGuid = {C0A840D7-B5AB-418D-8CCA-C0E6CD5FB70D}
	EndGlobalSection
EndGlobal
